
Microsoft Visual Studio Solution File, Format Version 12.00
# Visual Studio Version 17
VisualStudioVersion = 17.8.34322.80
MinimumVisualStudioVersion = 10.0.40219.1
Project("{9A19103F-16F7-4668-BE54-9A1E7A4F7556}") = "Cozy_Haven", "Cozy_Haven.csproj", "{87DED80B-FBD6-4F2C-8A6C-D2C67DFE47F3}"
EndProject
Project("{FAE04EC0-301F-11D3-BF4B-00C04F79EFBC}") = "Cozy_Haven_Testing", "..\Cozy_Haven_Testing\Cozy_Haven_Testing.csproj", "{484B9C7A-3ABE-4F7C-9C22-F833E1F89586}"
EndProject
Global
	GlobalSection(SolutionConfigurationPlatforms) = preSolution
		Debug|Any CPU = Debug|Any CPU
		Release|Any CPU = Release|Any CPU
	EndGlobalSection
	GlobalSection(ProjectConfigurationPlatforms) = postSolution
		{87DED80B-FBD6-4F2C-8A6C-D2C67DFE47F3}.Debug|Any CPU.ActiveCfg = Debug|Any CPU
		{87DED80B-FBD6-4F2C-8A6C-D2C67DFE47F3}.Debug|Any CPU.Build.0 = Debug|Any CPU
		{87DED80B-FBD6-4F2C-8A6C-D2C67DFE47F3}.Release|Any CPU.ActiveCfg = Release|Any CPU
		{87DED80B-FBD6-4F2C-8A6C-D2C67DFE47F3}.Release|Any CPU.Build.0 = Release|Any CPU
		{484B9C7A-3ABE-4F7C-9C22-F833E1F89586}.Debug|Any CPU.ActiveCfg = Debug|Any CPU
		{484B9C7A-3ABE-4F7C-9C22-F833E1F89586}.Debug|Any CPU.Build.0 = Debug|Any CPU
		{484B9C7A-3ABE-4F7C-9C22-F833E1F89586}.Release|Any CPU.ActiveCfg = Release|Any CPU
		{484B9C7A-3ABE-4F7C-9C22-F833E1F89586}.Release|Any CPU.Build.0 = Release|Any CPU
	EndGlobalSection
	GlobalSection(SolutionProperties) = preSolution
		HideSolutionNode = FALSE
	EndGlobalSection
	GlobalSection(ExtensibilityGlobals) = postSolution
		SolutionGuid = {D33D6DE3-D920-4F36-90A1-03248073DA77}
	EndGlobalSection
EndGlobal
